
Microsoft Visual Studio Solution File, Format Version 12.00
# Visual Studio 15
VisualStudioVersion = 15.0.28307.779
MinimumVisualStudioVersion = 10.0.40219.1
Project("{9A19103F-16F7-4668-BE54-9A1E7A4F7556}") = "CoreDemoVis", "CoreDemoVis\CoreDemoVis.csproj", "{810ACD57-E327-4A79-9993-24BE5583217C}"
EndProject
Project("{9A19103F-16F7-4668-BE54-9A1E7A4F7556}") = "CfoDAL", "CfoDAL\CfoDAL.csproj", "{FDF6F455-F3EA-48A3-B906-BC26B64B4977}"
EndProject
Project("{9A19103F-16F7-4668-BE54-9A1E7A4F7556}") = "CfoBusiness", "CfoBusiness\CfoBusiness.csproj", "{086B9BC7-8D8A-4547-978E-0E138108BA10}"
EndProject
Project("{9A19103F-16F7-4668-BE54-9A1E7A4F7556}") = "CfoMiddleware", "CfoMiddleware\CfoMiddleware.csproj", "{64A3C902-CA79-4EF5-8E06-0F9039EB7BA2}"
EndProject
Project("{2150E333-8FDC-42A3-9474-1A3956D46DE8}") = "Solution Items", "Solution Items", "{D53201FC-22EC-4AAD-8B4B-6A222655A2EA}"
	ProjectSection(SolutionItems) = preProject
		swagger.json = swagger.json
	EndProjectSection
EndProject
Project("{9A19103F-16F7-4668-BE54-9A1E7A4F7556}") = "CoreDemoVisAPI", "CoreDemoVisAPI\CoreDemoVisAPI.csproj", "{FD967A46-48D5-434A-A21A-405DB023E484}"
EndProject
Project("{9A19103F-16F7-4668-BE54-9A1E7A4F7556}") = "Cfo.DTO", "Cfo.DTO\Cfo.DTO.csproj", "{9087A8A9-B4C3-48D2-921F-EEB47710B903}"
EndProject
Project("{2150E333-8FDC-42A3-9474-1A3956D46DE8}") = "1 模型视图层", "1 模型视图层", "{88DA01EE-F980-48DA-B86D-347385EE5DA9}"
EndProject
Project("{2150E333-8FDC-42A3-9474-1A3956D46DE8}") = "2 业务层", "2 业务层", "{20D4E2AA-96A8-4865-8E43-532DAFD40245}"
EndProject
Project("{2150E333-8FDC-42A3-9474-1A3956D46DE8}") = "3 数据访问层", "3 数据访问层", "{C6E3F706-5E4D-4B22-83B5-8BC9D88352DB}"
EndProject
Project("{2150E333-8FDC-42A3-9474-1A3956D46DE8}") = "4 WebSite", "4 WebSite", "{2409D5D7-9581-4067-A10F-0580025224B3}"
EndProject
Project("{2150E333-8FDC-42A3-9474-1A3956D46DE8}") = "5 WebApi", "5 WebApi", "{8A1A9ED0-E5E9-4E04-AF08-0B28FC56ADD1}"
EndProject
Project("{FAE04EC0-301F-11D3-BF4B-00C04F79EFBC}") = "Cfo.Domain", "Cfo.Domain\Cfo.Domain.csproj", "{4B8A0323-4091-4DB7-B5F9-0190E491849F}"
EndProject
Global
	GlobalSection(SolutionConfigurationPlatforms) = preSolution
		Debug|Any CPU = Debug|Any CPU
		Release|Any CPU = Release|Any CPU
	EndGlobalSection
	GlobalSection(ProjectConfigurationPlatforms) = postSolution
		{810ACD57-E327-4A79-9993-24BE5583217C}.Debug|Any CPU.ActiveCfg = Debug|Any CPU
		{810ACD57-E327-4A79-9993-24BE5583217C}.Debug|Any CPU.Build.0 = Debug|Any CPU
		{810ACD57-E327-4A79-9993-24BE5583217C}.Release|Any CPU.ActiveCfg = Release|Any CPU
		{810ACD57-E327-4A79-9993-24BE5583217C}.Release|Any CPU.Build.0 = Release|Any CPU
		{FDF6F455-F3EA-48A3-B906-BC26B64B4977}.Debug|Any CPU.ActiveCfg = Debug|Any CPU
		{FDF6F455-F3EA-48A3-B906-BC26B64B4977}.Debug|Any CPU.Build.0 = Debug|Any CPU
		{FDF6F455-F3EA-48A3-B906-BC26B64B4977}.Release|Any CPU.ActiveCfg = Release|Any CPU
		{FDF6F455-F3EA-48A3-B906-BC26B64B4977}.Release|Any CPU.Build.0 = Release|Any CPU
		{086B9BC7-8D8A-4547-978E-0E138108BA10}.Debug|Any CPU.ActiveCfg = Debug|Any CPU
		{086B9BC7-8D8A-4547-978E-0E138108BA10}.Debug|Any CPU.Build.0 = Debug|Any CPU
		{086B9BC7-8D8A-4547-978E-0E138108BA10}.Release|Any CPU.ActiveCfg = Release|Any CPU
		{086B9BC7-8D8A-4547-978E-0E138108BA10}.Release|Any CPU.Build.0 = Release|Any CPU
		{64A3C902-CA79-4EF5-8E06-0F9039EB7BA2}.Debug|Any CPU.ActiveCfg = Debug|Any CPU
		{64A3C902-CA79-4EF5-8E06-0F9039EB7BA2}.Debug|Any CPU.Build.0 = Debug|Any CPU
		{64A3C902-CA79-4EF5-8E06-0F9039EB7BA2}.Release|Any CPU.ActiveCfg = Release|Any CPU
		{64A3C902-CA79-4EF5-8E06-0F9039EB7BA2}.Release|Any CPU.Build.0 = Release|Any CPU
		{FD967A46-48D5-434A-A21A-405DB023E484}.Debug|Any CPU.ActiveCfg = Debug|Any CPU
		{FD967A46-48D5-434A-A21A-405DB023E484}.Debug|Any CPU.Build.0 = Debug|Any CPU
		{FD967A46-48D5-434A-A21A-405DB023E484}.Release|Any CPU.ActiveCfg = Release|Any CPU
		{FD967A46-48D5-434A-A21A-405DB023E484}.Release|Any CPU.Build.0 = Release|Any CPU
		{9087A8A9-B4C3-48D2-921F-EEB47710B903}.Debug|Any CPU.ActiveCfg = Debug|Any CPU
		{9087A8A9-B4C3-48D2-921F-EEB47710B903}.Debug|Any CPU.Build.0 = Debug|Any CPU
		{9087A8A9-B4C3-48D2-921F-EEB47710B903}.Release|Any CPU.ActiveCfg = Release|Any CPU
		{9087A8A9-B4C3-48D2-921F-EEB47710B903}.Release|Any CPU.Build.0 = Release|Any CPU
		{4B8A0323-4091-4DB7-B5F9-0190E491849F}.Debug|Any CPU.ActiveCfg = Debug|Any CPU
		{4B8A0323-4091-4DB7-B5F9-0190E491849F}.Debug|Any CPU.Build.0 = Debug|Any CPU
		{4B8A0323-4091-4DB7-B5F9-0190E491849F}.Release|Any CPU.ActiveCfg = Release|Any CPU
		{4B8A0323-4091-4DB7-B5F9-0190E491849F}.Release|Any CPU.Build.0 = Release|Any CPU
	EndGlobalSection
	GlobalSection(SolutionProperties) = preSolution
		HideSolutionNode = FALSE
	EndGlobalSection
	GlobalSection(NestedProjects) = preSolution
		{810ACD57-E327-4A79-9993-24BE5583217C} = {2409D5D7-9581-4067-A10F-0580025224B3}
		{FDF6F455-F3EA-48A3-B906-BC26B64B4977} = {C6E3F706-5E4D-4B22-83B5-8BC9D88352DB}
		{086B9BC7-8D8A-4547-978E-0E138108BA10} = {20D4E2AA-96A8-4865-8E43-532DAFD40245}
		{64A3C902-CA79-4EF5-8E06-0F9039EB7BA2} = {20D4E2AA-96A8-4865-8E43-532DAFD40245}
		{FD967A46-48D5-434A-A21A-405DB023E484} = {8A1A9ED0-E5E9-4E04-AF08-0B28FC56ADD1}
		{9087A8A9-B4C3-48D2-921F-EEB47710B903} = {88DA01EE-F980-48DA-B86D-347385EE5DA9}
		{4B8A0323-4091-4DB7-B5F9-0190E491849F} = {20D4E2AA-96A8-4865-8E43-532DAFD40245}
	EndGlobalSection
	GlobalSection(ExtensibilityGlobals) = postSolution
		SolutionGuid = {0B88F12E-C016-4737-8CCB-ADB2C67A5162}
	EndGlobalSection
EndGlobal
